
Microsoft Visual Studio Solution File, Format Version 12.00
# Visual Studio Version 16
VisualStudioVersion = 16.0.30309.148
MinimumVisualStudioVersion = 10.0.40219.1
Project("{FAE04EC0-301F-11D3-BF4B-00C04F79EFBC}") = "IhkObserver.WpfResultViewer", "IhkObserver.WpfResultViewer\IhkObserver.WpfResultViewer.csproj", "{08B6FC1A-680F-41EA-9495-1FFF29B8D040}"
EndProject
Project("{FAE04EC0-301F-11D3-BF4B-00C04F79EFBC}") = "IhkObserver.Observer", "IhkObserver.Observer\IhkObserver.Observer.csproj", "{0F2998F3-F73B-4F6E-837B-1FDA0F067A57}"
EndProject
Project("{FAE04EC0-301F-11D3-BF4B-00C04F79EFBC}") = "IhkObserver.CaptchaSolver", "IhkObserver.CaptchaSolver\IhkObserver.CaptchaSolver.csproj", "{C5DCB9A8-17C4-482D-BAB3-4E9BFF1CE78C}"
EndProject
Project("{2150E333-8FDC-42A3-9474-1A3956D46DE8}") = "Solution Items", "Solution Items", "{0463262F-C782-4E03-A080-841B63202D2B}"
	ProjectSection(SolutionItems) = preProject
		README.md = README.md
	EndProjectSection
EndProject
Project("{9A19103F-16F7-4668-BE54-9A1E7A4F7556}") = "IhkObserver.MailService", "IhkObserver.MailService\IhkObserver.MailService.csproj", "{78FD76BB-BC72-456F-A5A8-B716D283D790}"
EndProject
Project("{9A19103F-16F7-4668-BE54-9A1E7A4F7556}") = "IhkObserver.MailService.Tests", "IhkObserver.MailService.Tests\IhkObserver.MailService.Tests.csproj", "{FADDE2DF-CC02-4EE0-8B57-07B4913C5F1B}"
EndProject
Project("{9A19103F-16F7-4668-BE54-9A1E7A4F7556}") = "IhkObserver.BackgroundService", "IhkObserver.BackgroundService\IhkObserver.BackgroundService.csproj", "{5FA8EC25-AAC2-4CC0-AE6D-B378088D7753}"
EndProject
Project("{FAE04EC0-301F-11D3-BF4B-00C04F79EFBC}") = "IhkObserver.Utility", "IhkObserver.Utility\IhkObserver.Utility.csproj", "{B64A668D-A4B8-4E5D-B770-A5D20659A81B}"
EndProject
Project("{FAE04EC0-301F-11D3-BF4B-00C04F79EFBC}") = "IhkObserver.Utility.Tests", "IhkObserver.Utility.Tests\IhkObserver.Utility.Tests.csproj", "{62C653CF-417D-49B9-A65B-857BDB0D5D68}"
EndProject
Global
	GlobalSection(SolutionConfigurationPlatforms) = preSolution
		Debug|Any CPU = Debug|Any CPU
		Debug|x64 = Debug|x64
		Release|Any CPU = Release|Any CPU
		Release|x64 = Release|x64
	EndGlobalSection
	GlobalSection(ProjectConfigurationPlatforms) = postSolution
		{08B6FC1A-680F-41EA-9495-1FFF29B8D040}.Debug|Any CPU.ActiveCfg = Debug|Any CPU
		{08B6FC1A-680F-41EA-9495-1FFF29B8D040}.Debug|Any CPU.Build.0 = Debug|Any CPU
		{08B6FC1A-680F-41EA-9495-1FFF29B8D040}.Debug|x64.ActiveCfg = Debug|Any CPU
		{08B6FC1A-680F-41EA-9495-1FFF29B8D040}.Debug|x64.Build.0 = Debug|Any CPU
		{08B6FC1A-680F-41EA-9495-1FFF29B8D040}.Release|Any CPU.ActiveCfg = Release|Any CPU
		{08B6FC1A-680F-41EA-9495-1FFF29B8D040}.Release|Any CPU.Build.0 = Release|Any CPU
		{08B6FC1A-680F-41EA-9495-1FFF29B8D040}.Release|x64.ActiveCfg = Release|Any CPU
		{08B6FC1A-680F-41EA-9495-1FFF29B8D040}.Release|x64.Build.0 = Release|Any CPU
		{0F2998F3-F73B-4F6E-837B-1FDA0F067A57}.Debug|Any CPU.ActiveCfg = Debug|Any CPU
		{0F2998F3-F73B-4F6E-837B-1FDA0F067A57}.Debug|Any CPU.Build.0 = Debug|Any CPU
		{0F2998F3-F73B-4F6E-837B-1FDA0F067A57}.Debug|x64.ActiveCfg = Debug|Any CPU
		{0F2998F3-F73B-4F6E-837B-1FDA0F067A57}.Debug|x64.Build.0 = Debug|Any CPU
		{0F2998F3-F73B-4F6E-837B-1FDA0F067A57}.Release|Any CPU.ActiveCfg = Release|Any CPU
		{0F2998F3-F73B-4F6E-837B-1FDA0F067A57}.Release|Any CPU.Build.0 = Release|Any CPU
		{0F2998F3-F73B-4F6E-837B-1FDA0F067A57}.Release|x64.ActiveCfg = Release|Any CPU
		{0F2998F3-F73B-4F6E-837B-1FDA0F067A57}.Release|x64.Build.0 = Release|Any CPU
		{C5DCB9A8-17C4-482D-BAB3-4E9BFF1CE78C}.Debug|Any CPU.ActiveCfg = Debug|Any CPU
		{C5DCB9A8-17C4-482D-BAB3-4E9BFF1CE78C}.Debug|Any CPU.Build.0 = Debug|Any CPU
		{C5DCB9A8-17C4-482D-BAB3-4E9BFF1CE78C}.Debug|x64.ActiveCfg = Debug|Any CPU
		{C5DCB9A8-17C4-482D-BAB3-4E9BFF1CE78C}.Debug|x64.Build.0 = Debug|Any CPU
		{C5DCB9A8-17C4-482D-BAB3-4E9BFF1CE78C}.Release|Any CPU.ActiveCfg = Release|Any CPU
		{C5DCB9A8-17C4-482D-BAB3-4E9BFF1CE78C}.Release|Any CPU.Build.0 = Release|Any CPU
		{C5DCB9A8-17C4-482D-BAB3-4E9BFF1CE78C}.Release|x64.ActiveCfg = Release|x64
		{C5DCB9A8-17C4-482D-BAB3-4E9BFF1CE78C}.Release|x64.Build.0 = Release|x64
		{78FD76BB-BC72-456F-A5A8-B716D283D790}.Debug|Any CPU.ActiveCfg = Debug|Any CPU
		{78FD76BB-BC72-456F-A5A8-B716D283D790}.Debug|Any CPU.Build.0 = Debug|Any CPU
		{78FD76BB-BC72-456F-A5A8-B716D283D790}.Debug|x64.ActiveCfg = Debug|Any CPU
		{78FD76BB-BC72-456F-A5A8-B716D283D790}.Debug|x64.Build.0 = Debug|Any CPU
		{78FD76BB-BC72-456F-A5A8-B716D283D790}.Release|Any CPU.ActiveCfg = Release|Any CPU
		{78FD76BB-BC72-456F-A5A8-B716D283D790}.Release|Any CPU.Build.0 = Release|Any CPU
		{78FD76BB-BC72-456F-A5A8-B716D283D790}.Release|x64.ActiveCfg = Release|Any CPU
		{78FD76BB-BC72-456F-A5A8-B716D283D790}.Release|x64.Build.0 = Release|Any CPU
		{FADDE2DF-CC02-4EE0-8B57-07B4913C5F1B}.Debug|Any CPU.ActiveCfg = Debug|Any CPU
		{FADDE2DF-CC02-4EE0-8B57-07B4913C5F1B}.Debug|Any CPU.Build.0 = Debug|Any CPU
		{FADDE2DF-CC02-4EE0-8B57-07B4913C5F1B}.Debug|x64.ActiveCfg = Debug|Any CPU
		{FADDE2DF-CC02-4EE0-8B57-07B4913C5F1B}.Debug|x64.Build.0 = Debug|Any CPU
		{FADDE2DF-CC02-4EE0-8B57-07B4913C5F1B}.Release|Any CPU.ActiveCfg = Release|Any CPU
		{FADDE2DF-CC02-4EE0-8B57-07B4913C5F1B}.Release|Any CPU.Build.0 = Release|Any CPU
		{FADDE2DF-CC02-4EE0-8B57-07B4913C5F1B}.Release|x64.ActiveCfg = Release|Any CPU
		{FADDE2DF-CC02-4EE0-8B57-07B4913C5F1B}.Release|x64.Build.0 = Release|Any CPU
		{5FA8EC25-AAC2-4CC0-AE6D-B378088D7753}.Debug|Any CPU.ActiveCfg = Debug|Any CPU
		{5FA8EC25-AAC2-4CC0-AE6D-B378088D7753}.Debug|Any CPU.Build.0 = Debug|Any CPU
		{5FA8EC25-AAC2-4CC0-AE6D-B378088D7753}.Debug|x64.ActiveCfg = Debug|Any CPU
		{5FA8EC25-AAC2-4CC0-AE6D-B378088D7753}.Debug|x64.Build.0 = Debug|Any CPU
		{5FA8EC25-AAC2-4CC0-AE6D-B378088D7753}.Release|Any CPU.ActiveCfg = Release|Any CPU
		{5FA8EC25-AAC2-4CC0-AE6D-B378088D7753}.Release|Any CPU.Build.0 = Release|Any CPU
		{5FA8EC25-AAC2-4CC0-AE6D-B378088D7753}.Release|x64.ActiveCfg = Release|Any CPU
		{5FA8EC25-AAC2-4CC0-AE6D-B378088D7753}.Release|x64.Build.0 = Release|Any CPU
		{B64A668D-A4B8-4E5D-B770-A5D20659A81B}.Debug|Any CPU.ActiveCfg = Debug|Any CPU
		{B64A668D-A4B8-4E5D-B770-A5D20659A81B}.Debug|Any CPU.Build.0 = Debug|Any CPU
		{B64A668D-A4B8-4E5D-B770-A5D20659A81B}.Debug|x64.ActiveCfg = Debug|Any CPU
		{B64A668D-A4B8-4E5D-B770-A5D20659A81B}.Debug|x64.Build.0 = Debug|Any CPU
		{B64A668D-A4B8-4E5D-B770-A5D20659A81B}.Release|Any CPU.ActiveCfg = Release|Any CPU
		{B64A668D-A4B8-4E5D-B770-A5D20659A81B}.Release|Any CPU.Build.0 = Release|Any CPU
		{B64A668D-A4B8-4E5D-B770-A5D20659A81B}.Release|x64.ActiveCfg = Release|Any CPU
		{B64A668D-A4B8-4E5D-B770-A5D20659A81B}.Release|x64.Build.0 = Release|Any CPU
		{62C653CF-417D-49B9-A65B-857BDB0D5D68}.Debug|Any CPU.ActiveCfg = Debug|Any CPU
		{62C653CF-417D-49B9-A65B-857BDB0D5D68}.Debug|Any CPU.Build.0 = Debug|Any CPU
		{62C653CF-417D-49B9-A65B-857BDB0D5D68}.Debug|x64.ActiveCfg = Debug|Any CPU
		{62C653CF-417D-49B9-A65B-857BDB0D5D68}.Debug|x64.Build.0 = Debug|Any CPU
		{62C653CF-417D-49B9-A65B-857BDB0D5D68}.Release|Any CPU.ActiveCfg = Release|Any CPU
		{62C653CF-417D-49B9-A65B-857BDB0D5D68}.Release|Any CPU.Build.0 = Release|Any CPU
		{62C653CF-417D-49B9-A65B-857BDB0D5D68}.Release|x64.ActiveCfg = Release|Any CPU
		{62C653CF-417D-49B9-A65B-857BDB0D5D68}.Release|x64.Build.0 = Release|Any CPU
	EndGlobalSection
	GlobalSection(SolutionProperties) = preSolution
		HideSolutionNode = FALSE
	EndGlobalSection
	GlobalSection(ExtensibilityGlobals) = postSolution
		SolutionGuid = {CFBA5476-FEF5-49A4-B65C-7EE061E9E960}
	EndGlobalSection
EndGlobal
